// !$*UTF8*$!
{
	archiveVersion = 1;
	classes = {
	};
	objectVersion = 56;
	objects = {

/* Begin PBXBuildFile section */
		225B559A2A0D4849007BC8A9 /* AppDelegate.swift in Sources */ = {isa = PBXBuildFile; fileRef = 225B55992A0D4849007BC8A9 /* AppDelegate.swift */; };
		225B559C2A0D4849007BC8A9 /* SceneDelegate.swift in Sources */ = {isa = PBXBuildFile; fileRef = 225B559B2A0D4849007BC8A9 /* SceneDelegate.swift */; };
		225B559E2A0D4849007BC8A9 /* ViewController.swift in Sources */ = {isa = PBXBuildFile; fileRef = 225B559D2A0D4849007BC8A9 /* ViewController.swift */; };
		225B55A12A0D4849007BC8A9 /* Main.storyboard in Resources */ = {isa = PBXBuildFile; fileRef = 225B559F2A0D4849007BC8A9 /* Main.storyboard */; };
		225B55A32A0D484A007BC8A9 /* Assets.xcassets in Resources */ = {isa = PBXBuildFile; fileRef = 225B55A22A0D484A007BC8A9 /* Assets.xcassets */; };
		225B55A62A0D484A007BC8A9 /* LaunchScreen.storyboard in Resources */ = {isa = PBXBuildFile; fileRef = 225B55A42A0D484A007BC8A9 /* LaunchScreen.storyboard */; };
		225B55B22A0D5E1D007BC8A9 /* BmiViewController.swift in Sources */ = {isa = PBXBuildFile; fileRef = 225B55B12A0D5E1D007BC8A9 /* BmiViewController.swift */; };
		225B55B42A0D6B93007BC8A9 /* BmiViewCotrollerEx.swift in Sources */ = {isa = PBXBuildFile; fileRef = 225B55B32A0D6B93007BC8A9 /* BmiViewCotrollerEx.swift */; };
		225B55B62A0D6CFE007BC8A9 /* ResultViewController.swift in Sources */ = {isa = PBXBuildFile; fileRef = 225B55B52A0D6CFE007BC8A9 /* ResultViewController.swift */; };
		225B55B92A0E5F64007BC8A9 /* RectAnimationViewController.swift in Sources */ = {isa = PBXBuildFile; fileRef = 225B55B82A0E5F64007BC8A9 /* RectAnimationViewController.swift */; };
		225B55C32A0E81EF007BC8A9 /* Models.swift in Sources */ = {isa = PBXBuildFile; fileRef = 225B55C22A0E81EF007BC8A9 /* Models.swift */; };
		22DD4BE32A0F7C81001EE3FA /* ZiczacViewController.swift in Sources */ = {isa = PBXBuildFile; fileRef = 22DD4BE22A0F7C81001EE3FA /* ZiczacViewController.swift */; };
		22DD4BE52A0F8013001EE3FA /* Enums.swift in Sources */ = {isa = PBXBuildFile; fileRef = 22DD4BE42A0F8013001EE3FA /* Enums.swift */; };
/* End PBXBuildFile section */

/* Begin PBXFileReference section */
		225B55962A0D4849007BC8A9 /* HomeWork7.app */ = {isa = PBXFileReference; explicitFileType = wrapper.application; includeInIndex = 0; path = HomeWork7.app; sourceTree = BUILT_PRODUCTS_DIR; };
		225B55992A0D4849007BC8A9 /* AppDelegate.swift */ = {isa = PBXFileReference; lastKnownFileType = sourcecode.swift; path = AppDelegate.swift; sourceTree = "<group>"; };
		225B559B2A0D4849007BC8A9 /* SceneDelegate.swift */ = {isa = PBXFileReference; lastKnownFileType = sourcecode.swift; path = SceneDelegate.swift; sourceTree = "<group>"; };
		225B559D2A0D4849007BC8A9 /* ViewController.swift */ = {isa = PBXFileReference; lastKnownFileType = sourcecode.swift; path = ViewController.swift; sourceTree = "<group>"; };
		225B55A02A0D4849007BC8A9 /* Base */ = {isa = PBXFileReference; lastKnownFileType = file.storyboard; name = Base; path = Base.lproj/Main.storyboard; sourceTree = "<group>"; };
		225B55A22A0D484A007BC8A9 /* Assets.xcassets */ = {isa = PBXFileReference; lastKnownFileType = folder.assetcatalog; path = Assets.xcassets; sourceTree = "<group>"; };
		225B55A52A0D484A007BC8A9 /* Base */ = {isa = PBXFileReference; lastKnownFileType = file.storyboard; name = Base; path = Base.lproj/LaunchScreen.storyboard; sourceTree = "<group>"; };
		225B55A72A0D484A007BC8A9 /* Info.plist */ = {isa = PBXFileReference; lastKnownFileType = text.plist.xml; path = Info.plist; sourceTree = "<group>"; };
		225B55B12A0D5E1D007BC8A9 /* BmiViewController.swift */ = {isa = PBXFileReference; lastKnownFileType = sourcecode.swift; path = BmiViewController.swift; sourceTree = "<group>"; };
		225B55B32A0D6B93007BC8A9 /* BmiViewCotrollerEx.swift */ = {isa = PBXFileReference; lastKnownFileType = sourcecode.swift; path = BmiViewCotrollerEx.swift; sourceTree = "<group>"; };
		225B55B52A0D6CFE007BC8A9 /* ResultViewController.swift */ = {isa = PBXFileReference; lastKnownFileType = sourcecode.swift; path = ResultViewController.swift; sourceTree = "<group>"; };
		225B55B82A0E5F64007BC8A9 /* RectAnimationViewController.swift */ = {isa = PBXFileReference; lastKnownFileType = sourcecode.swift; path = RectAnimationViewController.swift; sourceTree = "<group>"; };
		225B55C22A0E81EF007BC8A9 /* Models.swift */ = {isa = PBXFileReference; lastKnownFileType = sourcecode.swift; path = Models.swift; sourceTree = "<group>"; };
		22DD4BE22A0F7C81001EE3FA /* ZiczacViewController.swift */ = {isa = PBXFileReference; lastKnownFileType = sourcecode.swift; path = ZiczacViewController.swift; sourceTree = "<group>"; };
		22DD4BE42A0F8013001EE3FA /* Enums.swift */ = {isa = PBXFileReference; lastKnownFileType = sourcecode.swift; path = Enums.swift; sourceTree = "<group>"; };
/* End PBXFileReference section */

/* Begin PBXFrameworksBuildPhase section */
		225B55932A0D4849007BC8A9 /* Frameworks */ = {
			isa = PBXFrameworksBuildPhase;
			buildActionMask = 2147483647;
			files = (
			);
			runOnlyForDeploymentPostprocessing = 0;
		};
/* End PBXFrameworksBuildPhase section */

/* Begin PBXGroup section */
		225B558D2A0D4849007BC8A9 = {
			isa = PBXGroup;
			children = (
				225B55982A0D4849007BC8A9 /* HomeWork7 */,
				225B55972A0D4849007BC8A9 /* Products */,
			);
			sourceTree = "<group>";
		};
		225B55972A0D4849007BC8A9 /* Products */ = {
			isa = PBXGroup;
			children = (
				225B55962A0D4849007BC8A9 /* HomeWork7.app */,
			);
			name = Products;
			sourceTree = "<group>";
		};
		225B55982A0D4849007BC8A9 /* HomeWork7 */ = {
			isa = PBXGroup;
			children = (
				225B55C12A0E81DC007BC8A9 /* model */,
				225B55AD2A0D4B4D007BC8A9 /* controllers */,
				22DD4BE42A0F8013001EE3FA /* Enums.swift */,
				225B55992A0D4849007BC8A9 /* AppDelegate.swift */,
				225B559B2A0D4849007BC8A9 /* SceneDelegate.swift */,
				225B559F2A0D4849007BC8A9 /* Main.storyboard */,
				225B55A22A0D484A007BC8A9 /* Assets.xcassets */,
				225B55A42A0D484A007BC8A9 /* LaunchScreen.storyboard */,
				225B55A72A0D484A007BC8A9 /* Info.plist */,
			);
			path = HomeWork7;
			sourceTree = "<group>";
		};
		225B55AD2A0D4B4D007BC8A9 /* controllers */ = {
			isa = PBXGroup;
			children = (
				225B55B72A0E5F36007BC8A9 /* ball */,
				225B55B02A0D4B88007BC8A9 /* bmi */,
				225B559D2A0D4849007BC8A9 /* ViewController.swift */,
			);
			path = controllers;
			sourceTree = "<group>";
		};
		225B55B02A0D4B88007BC8A9 /* bmi */ = {
			isa = PBXGroup;
			children = (
				225B55B12A0D5E1D007BC8A9 /* BmiViewController.swift */,
				225B55B32A0D6B93007BC8A9 /* BmiViewCotrollerEx.swift */,
				225B55B52A0D6CFE007BC8A9 /* ResultViewController.swift */,
			);
			path = bmi;
			sourceTree = "<group>";
		};
		225B55B72A0E5F36007BC8A9 /* ball */ = {
			isa = PBXGroup;
			children = (
				225B55B82A0E5F64007BC8A9 /* RectAnimationViewController.swift */,
				22DD4BE22A0F7C81001EE3FA /* ZiczacViewController.swift */,
			);
			path = ball;
			sourceTree = "<group>";
		};
		225B55C12A0E81DC007BC8A9 /* model */ = {
			isa = PBXGroup;
			children = (
				225B55C22A0E81EF007BC8A9 /* Models.swift */,
			);
			path = model;
			sourceTree = "<group>";
		};
/* End PBXGroup section */

/* Begin PBXNativeTarget section */
		225B55952A0D4849007BC8A9 /* HomeWork7 */ = {
			isa = PBXNativeTarget;
			buildConfigurationList = 225B55AA2A0D484A007BC8A9 /* Build configuration list for PBXNativeTarget "HomeWork7" */;
			buildPhases = (
				225B55922A0D4849007BC8A9 /* Sources */,
				225B55932A0D4849007BC8A9 /* Frameworks */,
				225B55942A0D4849007BC8A9 /* Resources */,
			);
			buildRules = (
			);
			dependencies = (
			);
			name = HomeWork7;
			productName = HomeWork7;
			productReference = 225B55962A0D4849007BC8A9 /* HomeWork7.app */;
			productType = "com.apple.product-type.application";
		};
/* End PBXNativeTarget section */

/* Begin PBXProject section */
		225B558E2A0D4849007BC8A9 /* Project object */ = {
			isa = PBXProject;
			attributes = {
				BuildIndependentTargetsInParallel = 1;
				LastSwiftUpdateCheck = 1430;
				LastUpgradeCheck = 1430;
				TargetAttributes = {
					225B55952A0D4849007BC8A9 = {
						CreatedOnToolsVersion = 14.3;
					};
				};
			};
			buildConfigurationList = 225B55912A0D4849007BC8A9 /* Build configuration list for PBXProject "HomeWork7" */;
			compatibilityVersion = "Xcode 14.0";
			developmentRegion = en;
			hasScannedForEncodings = 0;
			knownRegions = (
				en,
				Base,
			);
			mainGroup = 225B558D2A0D4849007BC8A9;
			productRefGroup = 225B55972A0D4849007BC8A9 /* Products */;
			projectDirPath = "";
			projectRoot = "";
			targets = (
				225B55952A0D4849007BC8A9 /* HomeWork7 */,
			);
		};
/* End PBXProject section */

/* Begin PBXResourcesBuildPhase section */
		225B55942A0D4849007BC8A9 /* Resources */ = {
			isa = PBXResourcesBuildPhase;
			buildActionMask = 2147483647;
			files = (
				225B55A62A0D484A007BC8A9 /* LaunchScreen.storyboard in Resources */,
				225B55A32A0D484A007BC8A9 /* Assets.xcassets in Resources */,
				225B55A12A0D4849007BC8A9 /* Main.storyboard in Resources */,
			);
			runOnlyForDeploymentPostprocessing = 0;
		};
/* End PBXResourcesBuildPhase section */

/* Begin PBXSourcesBuildPhase section */
		225B55922A0D4849007BC8A9 /* Sources */ = {
			isa = PBXSourcesBuildPhase;
			buildActionMask = 2147483647;
			files = (
				225B559E2A0D4849007BC8A9 /* ViewController.swift in Sources */,
				225B55B42A0D6B93007BC8A9 /* BmiViewCotrollerEx.swift in Sources */,
				22DD4BE52A0F8013001EE3FA /* Enums.swift in Sources */,
				22DD4BE32A0F7C81001EE3FA /* ZiczacViewController.swift in Sources */,
				225B55B22A0D5E1D007BC8A9 /* BmiViewController.swift in Sources */,
				225B559A2A0D4849007BC8A9 /* AppDelegate.swift in Sources */,
				225B55B92A0E5F64007BC8A9 /* RectAnimationViewController.swift in Sources */,
				225B55C32A0E81EF007BC8A9 /* Models.swift in Sources */,
				225B559C2A0D4849007BC8A9 /* SceneDelegate.swift in Sources */,
				225B55B62A0D6CFE007BC8A9 /* ResultViewController.swift in Sources */,
			);
			runOnlyForDeploymentPostprocessing = 0;
		};
/* End PBXSourcesBuildPhase section */

/* Begin PBXVariantGroup section */
		225B559F2A0D4849007BC8A9 /* Main.storyboard */ = {
			isa = PBXVariantGroup;
			children = (
				225B55A02A0D4849007BC8A9 /* Base */,
			);
			name = Main.storyboard;
			sourceTree = "<group>";
		};
		225B55A42A0D484A007BC8A9 /* LaunchScreen.storyboard */ = {
			isa = PBXVariantGroup;
			children = (
				225B55A52A0D484A007BC8A9 /* Base */,
			);
			name = LaunchScreen.storyboard;
			sourceTree = "<group>";
		};
/* End PBXVariantGroup section */

/* Begin XCBuildConfiguration section */
		225B55A82A0D484A007BC8A9 /* Debug */ = {
			isa = XCBuildConfiguration;
			buildSettings = {
				ALWAYS_SEARCH_USER_PATHS = NO;
				CLANG_ANALYZER_NONNULL = YES;
				CLANG_ANALYZER_NUMBER_OBJECT_CONVERSION = YES_AGGRESSIVE;
				CLANG_CXX_LANGUAGE_STANDARD = "gnu++20";
				CLANG_ENABLE_MODULES = YES;
				CLANG_ENABLE_OBJC_ARC = YES;
				CLANG_ENABLE_OBJC_WEAK = YES;
				CLANG_WARN_BLOCK_CAPTURE_AUTORELEASING = YES;
				CLANG_WARN_BOOL_CONVERSION = YES;
				CLANG_WARN_COMMA = YES;
				CLANG_WARN_CONSTANT_CONVERSION = YES;
				CLANG_WARN_DEPRECATED_OBJC_IMPLEMENTATIONS = YES;
				CLANG_WARN_DIRECT_OBJC_ISA_USAGE = YES_ERROR;
				CLANG_WARN_DOCUMENTATION_COMMENTS = YES;
				CLANG_WARN_EMPTY_BODY = YES;
				CLANG_WARN_ENUM_CONVERSION = YES;
				CLANG_WARN_INFINITE_RECURSION = YES;
				CLANG_WARN_INT_CONVERSION = YES;
				CLANG_WARN_NON_LITERAL_NULL_CONVERSION = YES;
				CLANG_WARN_OBJC_IMPLICIT_RETAIN_SELF = YES;
				CLANG_WARN_OBJC_LITERAL_CONVERSION = YES;
				CLANG_WARN_OBJC_ROOT_CLASS = YES_ERROR;
				CLANG_WARN_QUOTED_INCLUDE_IN_FRAMEWORK_HEADER = YES;
				CLANG_WARN_RANGE_LOOP_ANALYSIS = YES;
				CLANG_WARN_STRICT_PROTOTYPES = YES;
				CLANG_WARN_SUSPICIOUS_MOVE = YES;
				CLANG_WARN_UNGUARDED_AVAILABILITY = YES_AGGRESSIVE;
				CLANG_WARN_UNREACHABLE_CODE = YES;
				CLANG_WARN__DUPLICATE_METHOD_MATCH = YES;
				COPY_PHASE_STRIP = NO;
				DEBUG_INFORMATION_FORMAT = dwarf;
				ENABLE_STRICT_OBJC_MSGSEND = YES;
				ENABLE_TESTABILITY = YES;
				GCC_C_LANGUAGE_STANDARD = gnu11;
				GCC_DYNAMIC_NO_PIC = NO;
				GCC_NO_COMMON_BLOCKS = YES;
				GCC_OPTIMIZATION_LEVEL = 0;
				GCC_PREPROCESSOR_DEFINITIONS = (
					"DEBUG=1",
					"$(inherited)",
				);
				GCC_WARN_64_TO_32_BIT_CONVERSION = YES;
				GCC_WARN_ABOUT_RETURN_TYPE = YES_ERROR;
				GCC_WARN_UNDECLARED_SELECTOR = YES;
				GCC_WARN_UNINITIALIZED_AUTOS = YES_AGGRESSIVE;
				GCC_WARN_UNUSED_FUNCTION = YES;
				GCC_WARN_UNUSED_VARIABLE = YES;
				IPHONEOS_DEPLOYMENT_TARGET = 16.4;
				MTL_ENABLE_DEBUG_INFO = INCLUDE_SOURCE;
				MTL_FAST_MATH = YES;
				ONLY_ACTIVE_ARCH = YES;
				SDKROOT = iphoneos;
				SWIFT_ACTIVE_COMPILATION_CONDITIONS = DEBUG;
				SWIFT_OPTIMIZATION_LEVEL = "-Onone";
			};
			name = Debug;
		};
		225B55A92A0D484A007BC8A9 /* Release */ = {
			isa = XCBuildConfiguration;
			buildSettings = {
				ALWAYS_SEARCH_USER_PATHS = NO;
				CLANG_ANALYZER_NONNULL = YES;
				CLANG_ANALYZER_NUMBER_OBJECT_CONVERSION = YES_AGGRESSIVE;
				CLANG_CXX_LANGUAGE_STANDARD = "gnu++20";
				CLANG_ENABLE_MODULES = YES;
				CLANG_ENABLE_OBJC_ARC = YES;
				CLANG_ENABLE_OBJC_WEAK = YES;
				CLANG_WARN_BLOCK_CAPTURE_AUTORELEASING = YES;
				CLANG_WARN_BOOL_CONVERSION = YES;
				CLANG_WARN_COMMA = YES;
				CLANG_WARN_CONSTANT_CONVERSION = YES;
				CLANG_WARN_DEPRECATED_OBJC_IMPLEMENTATIONS = YES;
				CLANG_WARN_DIRECT_OBJC_ISA_USAGE = YES_ERROR;
				CLANG_WARN_DOCUMENTATION_COMMENTS = YES;
				CLANG_WARN_EMPTY_BODY = YES;
				CLANG_WARN_ENUM_CONVERSION = YES;
				CLANG_WARN_INFINITE_RECURSION = YES;
				CLANG_WARN_INT_CONVERSION = YES;
				CLANG_WARN_NON_LITERAL_NULL_CONVERSION = YES;
				CLANG_WARN_OBJC_IMPLICIT_RETAIN_SELF = YES;
				CLANG_WARN_OBJC_LITERAL_CONVERSION = YES;
				CLANG_WARN_OBJC_ROOT_CLASS = YES_ERROR;
				CLANG_WARN_QUOTED_INCLUDE_IN_FRAMEWORK_HEADER = YES;
				CLANG_WARN_RANGE_LOOP_ANALYSIS = YES;
				CLANG_WARN_STRICT_PROTOTYPES = YES;
				CLANG_WARN_SUSPICIOUS_MOVE = YES;
				CLANG_WARN_UNGUARDED_AVAILABILITY = YES_AGGRESSIVE;
				CLANG_WARN_UNREACHABLE_CODE = YES;
				CLANG_WARN__DUPLICATE_METHOD_MATCH = YES;
				COPY_PHASE_STRIP = NO;
				DEBUG_INFORMATION_FORMAT = "dwarf-with-dsym";
				ENABLE_NS_ASSERTIONS = NO;
				ENABLE_STRICT_OBJC_MSGSEND = YES;
				GCC_C_LANGUAGE_STANDARD = gnu11;
				GCC_NO_COMMON_BLOCKS = YES;
				GCC_WARN_64_TO_32_BIT_CONVERSION = YES;
				GCC_WARN_ABOUT_RETURN_TYPE = YES_ERROR;
				GCC_WARN_UNDECLARED_SELECTOR = YES;
				GCC_WARN_UNINITIALIZED_AUTOS = YES_AGGRESSIVE;
				GCC_WARN_UNUSED_FUNCTION = YES;
				GCC_WARN_UNUSED_VARIABLE = YES;
				IPHONEOS_DEPLOYMENT_TARGET = 16.4;
				MTL_ENABLE_DEBUG_INFO = NO;
				MTL_FAST_MATH = YES;
				SDKROOT = iphoneos;
				SWIFT_COMPILATION_MODE = wholemodule;
				SWIFT_OPTIMIZATION_LEVEL = "-O";
				VALIDATE_PRODUCT = YES;
			};
			name = Release;
		};
		225B55AB2A0D484A007BC8A9 /* Debug */ = {
			isa = XCBuildConfiguration;
			buildSettings = {
				ASSETCATALOG_COMPILER_APPICON_NAME = AppIcon;
				ASSETCATALOG_COMPILER_GLOBAL_ACCENT_COLOR_NAME = AccentColor;
				CODE_SIGN_STYLE = Automatic;
				CURRENT_PROJECT_VERSION = 1;
				DEVELOPMENT_TEAM = M2SV4M6224;
				GENERATE_INFOPLIST_FILE = YES;
				INFOPLIST_FILE = HomeWork7/Info.plist;
				INFOPLIST_KEY_UIApplicationSupportsIndirectInputEvents = YES;
				INFOPLIST_KEY_UILaunchStoryboardName = LaunchScreen;
				INFOPLIST_KEY_UIMainStoryboardFile = Main;
				INFOPLIST_KEY_UISupportedInterfaceOrientations_iPad = "UIInterfaceOrientationPortrait UIInterfaceOrientationPortraitUpsideDown UIInterfaceOrientationLandscapeLeft UIInterfaceOrientationLandscapeRight";
				INFOPLIST_KEY_UISupportedInterfaceOrientations_iPhone = "UIInterfaceOrientationPortrait UIInterfaceOrientationLandscapeLeft UIInterfaceOrientationLandscapeRight";
				IPHONEOS_DEPLOYMENT_TARGET = 13.0;
				LD_RUNPATH_SEARCH_PATHS = (
					"$(inherited)",
					"@executable_path/Frameworks",
				);
				MARKETING_VERSION = 1.0;
				PRODUCT_BUNDLE_IDENTIFIER = com.training.HomeWork7;
				PRODUCT_NAME = "$(TARGET_NAME)";
				SWIFT_EMIT_LOC_STRINGS = YES;
				SWIFT_VERSION = 5.0;
				TARGETED_DEVICE_FAMILY = "1,2";
			};
			name = Debug;
		};
		225B55AC2A0D484A007BC8A9 /* Release */ = {
			isa = XCBuildConfiguration;
			buildSettings = {
				ASSETCATALOG_COMPILER_APPICON_NAME = AppIcon;
				ASSETCATALOG_COMPILER_GLOBAL_ACCENT_COLOR_NAME = AccentColor;
				CODE_SIGN_STYLE = Automatic;
				CURRENT_PROJECT_VERSION = 1;
				DEVELOPMENT_TEAM = M2SV4M6224;
				GENERATE_INFOPLIST_FILE = YES;
				INFOPLIST_FILE = HomeWork7/Info.plist;
				INFOPLIST_KEY_UIApplicationSupportsIndirectInputEvents = YES;
				INFOPLIST_KEY_UILaunchStoryboardName = LaunchScreen;
				INFOPLIST_KEY_UIMainStoryboardFile = Main;
				INFOPLIST_KEY_UISupportedInterfaceOrientations_iPad = "UIInterfaceOrientationPortrait UIInterfaceOrientationPortraitUpsideDown UIInterfaceOrientationLandscapeLeft UIInterfaceOrientationLandscapeRight";
				INFOPLIST_KEY_UISupportedInterfaceOrientations_iPhone = "UIInterfaceOrientationPortrait UIInterfaceOrientationLandscapeLeft UIInterfaceOrientationLandscapeRight";
				IPHONEOS_DEPLOYMENT_TARGET = 13.0;
				LD_RUNPATH_SEARCH_PATHS = (
					"$(inherited)",
					"@executable_path/Frameworks",
				);
				MARKETING_VERSION = 1.0;
				PRODUCT_BUNDLE_IDENTIFIER = com.training.HomeWork7;
				PRODUCT_NAME = "$(TARGET_NAME)";
				SWIFT_EMIT_LOC_STRINGS = YES;
				SWIFT_VERSION = 5.0;
				TARGETED_DEVICE_FAMILY = "1,2";
			};
			name = Release;
		};
/* End XCBuildConfiguration section */

/* Begin XCConfigurationList section */
		225B55912A0D4849007BC8A9 /* Build configuration list for PBXProject "HomeWork7" */ = {
			isa = XCConfigurationList;
			buildConfigurations = (
				225B55A82A0D484A007BC8A9 /* Debug */,
				225B55A92A0D484A007BC8A9 /* Release */,
			);
			defaultConfigurationIsVisible = 0;
			defaultConfigurationName = Release;
		};
		225B55AA2A0D484A007BC8A9 /* Build configuration list for PBXNativeTarget "HomeWork7" */ = {
			isa = XCConfigurationList;
			buildConfigurations = (
				225B55AB2A0D484A007BC8A9 /* Debug */,
				225B55AC2A0D484A007BC8A9 /* Release */,
			);
			defaultConfigurationIsVisible = 0;
			defaultConfigurationName = Release;
		};
/* End XCConfigurationList section */
	};
	rootObject = 225B558E2A0D4849007BC8A9 /* Project object */;
}
